
Microsoft Visual Studio Solution File, Format Version 12.00
# Visual Studio Version 16
VisualStudioVersion = 16.0.31321.278
MinimumVisualStudioVersion = 10.0.40219.1
Project("{FAE04EC0-301F-11D3-BF4B-00C04F79EFBC}") = "SeriLogLearn", "SeriLogLearn.csproj", "{84355938-885B-437B-B875-7EE41933E553}"
EndProject
Global
	GlobalSection(SolutionConfigurationPlatforms) = preSolution
		Debug|Any CPU = Debug|Any CPU
		Release|Any CPU = Release|Any CPU
	EndGlobalSection
	GlobalSection(ProjectConfigurationPlatforms) = postSolution
		{84355938-885B-437B-B875-7EE41933E553}.Debug|Any CPU.ActiveCfg = Debug|Any CPU
		{84355938-885B-437B-B875-7EE41933E553}.Debug|Any CPU.Build.0 = Debug|Any CPU
		{84355938-885B-437B-B875-7EE41933E553}.Release|Any CPU.ActiveCfg = Release|Any CPU
		{84355938-885B-437B-B875-7EE41933E553}.Release|Any CPU.Build.0 = Release|Any CPU
	EndGlobalSection
	GlobalSection(SolutionProperties) = preSolution
		HideSolutionNode = FALSE
	EndGlobalSection
	GlobalSection(ExtensibilityGlobals) = postSolution
		SolutionGuid = {5FCA2B35-5E39-4AB0-9A06-1E642DA279D0}
	EndGlobalSection
EndGlobal
